{
    "name": "react-state-management",
    "version": "1.0.0",
    "lockfileVersion": 3,
    "requires": true,
    "packages": {
        "": {
            "name": "react-state-management",
            "version": "1.0.0",
            "license": "ISC",
            "workspaces": [
                "react-redux",
                "react-redux-toolkit",
                "react-query"
            ]
        },
        "node_modules/react-query": {
            "resolved": "react-query",
            "link": true
        },
        "node_modules/react-redux": {
            "resolved": "react-redux",
            "link": true
        },
        "node_modules/react-redux-toolkit": {
            "resolved": "react-redux-toolkit",
            "link": true
        },
        "react-query": {
            "version": "1.0.0",
            "license": "ISC"
        },
        "react-redux": {
            "version": "1.0.0",
            "license": "ISC",
            "devDependencies": {}
        },
        "react-redux-toolkit": {
            "version": "1.0.0",
            "license": "ISC",
            "devDependencies": {}
        }
    }
}
